
Microsoft Visual Studio Solution File, Format Version 12.00
# Visual Studio Version 16
VisualStudioVersion = 16.0.31205.134
MinimumVisualStudioVersion = 10.0.40219.1
Project("{FAE04EC0-301F-11D3-BF4B-00C04F79EFBC}") = "Registro de Entrada", "Registro de Entrada\Registro de Entrada.csproj", "{5BEFACE2-343B-4794-93D4-907F8A992452}"
EndProject
Global
	GlobalSection(SolutionConfigurationPlatforms) = preSolution
		Debug|Any CPU = Debug|Any CPU
		Release|Any CPU = Release|Any CPU
	EndGlobalSection
	GlobalSection(ProjectConfigurationPlatforms) = postSolution
		{5BEFACE2-343B-4794-93D4-907F8A992452}.Debug|Any CPU.ActiveCfg = Debug|Any CPU
		{5BEFACE2-343B-4794-93D4-907F8A992452}.Debug|Any CPU.Build.0 = Debug|Any CPU
		{5BEFACE2-343B-4794-93D4-907F8A992452}.Release|Any CPU.ActiveCfg = Release|Any CPU
		{5BEFACE2-343B-4794-93D4-907F8A992452}.Release|Any CPU.Build.0 = Release|Any CPU
	EndGlobalSection
	GlobalSection(SolutionProperties) = preSolution
		HideSolutionNode = FALSE
	EndGlobalSection
	GlobalSection(ExtensibilityGlobals) = postSolution
		SolutionGuid = {2C84A8F3-9C56-459C-8C26-8D93B69BAE98}
	EndGlobalSection
EndGlobal
